
Microsoft Visual Studio Solution File, Format Version 12.00
# Visual Studio Version 17
VisualStudioVersion = 17.4.33103.184
MinimumVisualStudioVersion = 10.0.40219.1
Project("{FAE04EC0-301F-11D3-BF4B-00C04F79EFBC}") = "Snake", "Snake\Snake.csproj", "{757CE5DD-B03E-40BB-A673-7195F2F41E8D}"
EndProject
Global
	GlobalSection(SolutionConfigurationPlatforms) = preSolution
		Debug|Any CPU = Debug|Any CPU
		Release|Any CPU = Release|Any CPU
	EndGlobalSection
	GlobalSection(ProjectConfigurationPlatforms) = postSolution
		{757CE5DD-B03E-40BB-A673-7195F2F41E8D}.Debug|Any CPU.ActiveCfg = Debug|Any CPU
		{757CE5DD-B03E-40BB-A673-7195F2F41E8D}.Debug|Any CPU.Build.0 = Debug|Any CPU
		{757CE5DD-B03E-40BB-A673-7195F2F41E8D}.Release|Any CPU.ActiveCfg = Release|Any CPU
		{757CE5DD-B03E-40BB-A673-7195F2F41E8D}.Release|Any CPU.Build.0 = Release|Any CPU
	EndGlobalSection
	GlobalSection(SolutionProperties) = preSolution
		HideSolutionNode = FALSE
	EndGlobalSection
	GlobalSection(ExtensibilityGlobals) = postSolution
		SolutionGuid = {C34BCD12-1E1C-4E21-9F9D-79CD80BC2869}
	EndGlobalSection
EndGlobal
